[{<<"certifi">>,{pkg,<<"certifi">>,<<"0.4.0">>},2},
 {<<"cowboy">>,{pkg,<<"cowboy">>,<<"1.0.4">>},1},
 {<<"cowlib">>,{pkg,<<"cowlib">>,<<"1.0.2">>},2},
 {<<"genlib">>,
  {git,"https://github.com/rbkmoney/genlib.git",
       {ref,"66db7fe296465a875b6894eb5ac944c90f82f913"}},
  1},
 {<<"goldrush">>,{pkg,<<"goldrush">>,<<"0.1.8">>},1},
 {<<"gproc">>,{pkg,<<"gproc">>,<<"0.5.0">>},0},
 {<<"hackney">>,{pkg,<<"hackney">>,<<"1.5.7">>},1},
 {<<"idna">>,{pkg,<<"idna">>,<<"1.2.0">>},2},
 {<<"lager">>,{pkg,<<"lager">>,<<"3.2.1">>},0},
 {<<"metrics">>,{pkg,<<"metrics">>,<<"1.0.1">>},2},
 {<<"mimerl">>,{pkg,<<"mimerl">>,<<"1.0.2">>},2},
 {<<"ranch">>,{pkg,<<"ranch">>,<<"1.2.1">>},2},
 {<<"snowflake">>,
  {git,"https://github.com/tel/snowflake.git",
       {ref,"7a8eab0f12757133623b2151a7913b6d2707b629"}},
  1},
 {<<"ssl_verify_fun">>,{pkg,<<"ssl_verify_fun">>,<<"1.1.0">>},2},
 {<<"thrift">>,
  {git,"https://github.com/rbkmoney/thrift_erlang.git",
       {ref,"2a39a0b373d98f3b52d32912a3dab88c6b4c5037"}},
  1},
 {<<"woody">>,
  {git,"git+ssh://git@github.com/rbkmoney/woody_erlang",
       {ref,"cd7779e615b536ce872c0d2eeca01d0addab66e1"}},
  0}].
