{"1.1.0",
[{<<"cache">>,{pkg,<<"cache">>,<<"2.2.0">>},1},
 {<<"certifi">>,{pkg,<<"certifi">>,<<"2.3.1">>},2},
 {<<"cg_mon">>,
  {git,"https://github.com/rbkmoney/cg_mon.git",
       {ref,"5a87a37694e42b6592d3b4164ae54e0e87e24e18"}},
  0},
 {<<"cowboy">>,{pkg,<<"cowboy">>,<<"1.0.4">>},1},
 {<<"cowlib">>,{pkg,<<"cowlib">>,<<"1.0.2">>},2},
 {<<"erl_health">>,
  {git,"https://github.com/rbkmoney/erlang-health.git",
       {ref,"ab3ca1ccab6e77905810aa270eb936dbe70e02f8"}},
  0},
 {<<"genlib">>,
  {git,"https://github.com/rbkmoney/genlib.git",
       {ref,"82ff16f4314fc406dd90752467a08fe401b009ef"}},
  0},
 {<<"goldrush">>,{pkg,<<"goldrush">>,<<"0.1.8">>},1},
 {<<"gproc">>,{pkg,<<"gproc">>,<<"0.6.1">>},0},
 {<<"hackney">>,{pkg,<<"hackney">>,<<"1.13.0">>},1},
 {<<"hamcrest">>,
  {git,"https://github.com/basho/hamcrest-erlang.git",
       {ref,"98bc7aa19ea081478c816824aa05fc5a48acae66"}},
  2},
 {<<"idna">>,{pkg,<<"idna">>,<<"5.1.2">>},2},
 {<<"jsx">>,{pkg,<<"jsx">>,<<"2.8.0">>},1},
 {<<"lager">>,{pkg,<<"lager">>,<<"3.2.1">>},0},
 {<<"lager_logstash_formatter">>,
  {git,"git@github.com:rbkmoney/lager_logstash_formatter.git",
       {ref,"24527c15c47749866f2d427b333fa1333a46b8af"}},
  0},
 {<<"metrics">>,{pkg,<<"metrics">>,<<"1.0.1">>},2},
 {<<"mg_proto">>,
  {git,"git@github.com:rbkmoney/machinegun_proto.git",
       {ref,"35a23af91ee4245b6faffda4ed66a926df087bdf"}},
  0},
 {<<"mimerl">>,{pkg,<<"mimerl">>,<<"1.0.2">>},2},
 {<<"msgpack">>,
  {git,"git@github.com:rbkmoney/msgpack-erlang.git",
       {ref,"9d56647ed77498c7655da39891c4985142697083"}},
  0},
 {<<"parse_trans">>,{pkg,<<"parse_trans">>,<<"3.2.0">>},3},
 {<<"ranch">>,{pkg,<<"ranch">>,<<"1.5.0">>},2},
 {<<"recon">>,{pkg,<<"recon">>,<<"2.3.2">>},0},
 {<<"rfc3339">>,
  {git,"https://github.com/rbkmoney/rfc3339.git",
       {ref,"ee3a1a6b1ee60219c49fdcaa9f36a25e91962bb5"}},
  0},
 {<<"riak_pb">>,
  {git,"https://github.com/basho/riak_pb",
       {ref,"6c67dc58251e1a1c29b2e0c444b1e9c9aa2d4a24"}},
  1},
 {<<"riakc">>,
  {git,"git@github.com:rbkmoney/riak-erlang-client",
       {ref,"edba3d0f8f06d7e4eba84ab1e52ea30551bd0f92"}},
  0},
 {<<"snowflake">>,
  {git,"https://github.com/rbkmoney/snowflake.git",
       {ref,"0a598108f6582affe3b4ae550fc5b9f2062e318a"}},
  1},
 {<<"ssl_verify_fun">>,{pkg,<<"ssl_verify_fun">>,<<"1.1.1">>},2},
 {<<"thrift">>,
  {git,"https://github.com/rbkmoney/thrift_erlang.git",
       {ref,"240bbc842f6e9b90d01bd07838778cf48752b510"}},
  1},
 {<<"unicode_util_compat">>,{pkg,<<"unicode_util_compat">>,<<"0.3.1">>},3},
 {<<"woody">>,
  {git,"git@github.com:rbkmoney/woody_erlang.git",
       {ref,"d8de03d34ac4b296f842e78f2a368c0ec2ff52ff"}},
  0},
 {<<"yamerl">>,
  {git,"git@github.com:rbkmoney/yamerl.git",
       {ref,"573199f422d5920a6429dc1f75aa983706b83083"}},
  0}]}.
[
{pkg_hash,[
 {<<"cache">>, <<"3C11DBF4CD8FCD5787C95A5FB2A04038E3729CFCA0386016EEA8C953AB48A5AB">>},
 {<<"certifi">>, <<"D0F424232390BF47D82DA8478022301C561CF6445B5B5FB6A84D49A9E76D2639">>},
 {<<"cowboy">>, <<"A324A8DF9F2316C833A470D918AAF73AE894278B8AA6226CE7A9BF699388F878">>},
 {<<"cowlib">>, <<"9D769A1D062C9C3AC753096F868CA121E2730B9A377DE23DEC0F7E08B1DF84EE">>},
 {<<"goldrush">>, <<"2024BA375CEEA47E27EA70E14D2C483B2D8610101B4E852EF7F89163CDB6E649">>},
 {<<"gproc">>, <<"4579663E5677970758A05D8F65D13C3E9814EC707AD51D8DCEF7294EDA1A730C">>},
 {<<"hackney">>, <<"24EDC8CD2B28E1C652593833862435C80661834F6C9344E84B6A2255E7AEEF03">>},
 {<<"idna">>, <<"E21CB58A09F0228A9E0B95EAA1217F1BCFC31A1AAA6E1FDF2F53A33F7DBD9494">>},
 {<<"jsx">>, <<"749BEC6D205C694AE1786D62CEA6CC45A390437E24835FD16D12D74F07097727">>},
 {<<"lager">>, <<"EEF4E18B39E4195D37606D9088EA05BF1B745986CF8EC84F01D332456FE88D17">>},
 {<<"metrics">>, <<"25F094DEA2CDA98213CECC3AEFF09E940299D950904393B2A29D191C346A8486">>},
 {<<"mimerl">>, <<"993F9B0E084083405ED8252B99460C4F0563E41729AB42D9074FD5E52439BE88">>},
 {<<"parse_trans">>, <<"2ADFA4DAF80C14DC36F522CF190EB5C4EE3E28008FC6394397C16F62A26258C2">>},
 {<<"ranch">>, <<"F04166F456790FEE2AC1AA05A02745CC75783C2BFB26D39FAF6AEFC9A3D3A58A">>},
 {<<"recon">>, <<"4444C879BE323B1B133EEC5241CB84BD3821EA194C740D75617E106BE4744318">>},
 {<<"ssl_verify_fun">>, <<"28A4D65B7F59893BC2C7DE786DEC1E1555BD742D336043FE644AE956C3497FBE">>},
 {<<"unicode_util_compat">>, <<"A1F612A7B512638634A603C8F401892AFBF99B8CE93A45041F8AACA99CADB85E">>}]}
].
