[{<<"certifi">>,{pkg,<<"certifi">>,<<"0.4.0">>},2},
 {<<"cowboy">>,{pkg,<<"cowboy">>,<<"1.0.4">>},1},
 {<<"cowlib">>,{pkg,<<"cowlib">>,<<"1.0.2">>},2},
 {<<"genlib">>,
  {git,"https://github.com/rbkmoney/genlib.git",
       {ref,"66db7fe296465a875b6894eb5ac944c90f82f913"}},
  0},
 {<<"goldrush">>,{pkg,<<"goldrush">>,<<"0.1.8">>},1},
 {<<"gproc">>,{pkg,<<"gproc">>,<<"0.5.0">>},0},
 {<<"hackney">>,{pkg,<<"hackney">>,<<"1.5.7">>},1},
 {<<"hamcrest">>,
  {git,"https://github.com/drewkerrigan/hamcrest-erlang.git",
       {ref,"ad988640c6e833c48c2fe510469a3510f15fedea"}},
  0},
 {<<"idna">>,{pkg,<<"idna">>,<<"1.2.0">>},2},
 {<<"jsx">>,{pkg,<<"jsx">>,<<"2.8.0">>},1},
 {<<"lager">>,{pkg,<<"lager">>,<<"3.2.1">>},0},
 {<<"lager_logstash_formatter">>,
  {git,"git@github.com:rbkmoney/lager_logstash_formatter.git",
       {ref,"5065cee83ec116bf6b890385e4ba404d965418ca"}},
  0},
 {<<"metrics">>,{pkg,<<"metrics">>,<<"1.0.1">>},2},
 {<<"mimerl">>,{pkg,<<"mimerl">>,<<"1.0.2">>},2},
 {<<"msgpack">>,{pkg,<<"msgpack">>,<<"0.6.0">>},0},
 {<<"pooler">>,{pkg,<<"pooler">>,<<"1.5.0">>},0},
 {<<"protobuffs">>,{pkg,<<"protobuffs">>,<<"0.8.4">>},2},
 {<<"ranch">>,{pkg,<<"ranch">>,<<"1.2.1">>},2},
 {<<"rfc3339">>,
  {git,"git://github.com/talentdeficit/rfc3339.git",
       {ref,"6cce18dc0934b88ae56d4a31f39699f0f66dbaee"}},
  0},
 {<<"riak_pb">>,{pkg,<<"riak_pb">>,<<"2.1.4">>},1},
 {<<"riakc">>,{pkg,<<"riakc">>,<<"2.4.1">>},0},
 {<<"snowflake">>,
  {git,"https://github.com/rbkmoney/snowflake.git",
       {ref,"36b978a3ad711c9d9349b799a24c5499a95ae29a"}},
  1},
 {<<"ssl_verify_fun">>,{pkg,<<"ssl_verify_fun">>,<<"1.1.0">>},2},
 {<<"thrift">>,
  {git,"https://github.com/rbkmoney/thrift_erlang.git",
       {ref,"f132805904307376831fc2dd3780148b4b91aae2"}},
  1},
 {<<"woody">>,
  {git,"git@github.com:rbkmoney/woody_erlang.git",
       {ref,"49f47a8b3d0429269d389e2207b94879b9088380"}},
  0}].
